// !$*UTF8*$!
{
	archiveVersion = 1;
	classes = {
	};
	objectVersion = 46;
	objects = {

/* Begin PBXBuildFile section */
		45C46E001E069E28008F4347 /* AppDelegate.swift in Sources */ = {isa = PBXBuildFile; fileRef = 45C46DFF1E069E28008F4347 /* AppDelegate.swift */; };
		45C46E021E069E29008F4347 /* ViewController.swift in Sources */ = {isa = PBXBuildFile; fileRef = 45C46E011E069E29008F4347 /* ViewController.swift */; };
		45C46E051E069E2B008F4347 /* Main.storyboard in Resources */ = {isa = PBXBuildFile; fileRef = 45C46E031E069E2B008F4347 /* Main.storyboard */; };
		45C46E071E069E2C008F4347 /* Assets.xcassets in Resources */ = {isa = PBXBuildFile; fileRef = 45C46E061E069E2C008F4347 /* Assets.xcassets */; };
		45C46E0A1E069E2C008F4347 /* LaunchScreen.storyboard in Resources */ = {isa = PBXBuildFile; fileRef = 45C46E081E069E2C008F4347 /* LaunchScreen.storyboard */; };
/* End PBXBuildFile section */

/* Begin PBXFileReference section */
		45C46DFC1E069E27008F4347 /* Homework3th.app */ = {isa = PBXFileReference; explicitFileType = wrapper.application; includeInIndex = 0; path = Homework3th.app; sourceTree = BUILT_PRODUCTS_DIR; };
		45C46DFF1E069E28008F4347 /* AppDelegate.swift */ = {isa = PBXFileReference; lastKnownFileType = sourcecode.swift; path = AppDelegate.swift; sourceTree = "<group>"; };
		45C46E011E069E29008F4347 /* ViewController.swift */ = {isa = PBXFileReference; lastKnownFileType = sourcecode.swift; path = ViewController.swift; sourceTree = "<group>"; };
		45C46E041E069E2B008F4347 /* Base */ = {isa = PBXFileReference; lastKnownFileType = file.storyboard; name = Base; path = Base.lproj/Main.storyboard; sourceTree = "<group>"; };
		45C46E061E069E2C008F4347 /* Assets.xcassets */ = {isa = PBXFileReference; lastKnownFileType = folder.assetcatalog; path = Assets.xcassets; sourceTree = "<group>"; };
		45C46E091E069E2C008F4347 /* Base */ = {isa = PBXFileReference; lastKnownFileType = file.storyboard; name = Base; path = Base.lproj/LaunchScreen.storyboard; sourceTree = "<group>"; };
		45C46E0B1E069E2C008F4347 /* Info.plist */ = {isa = PBXFileReference; lastKnownFileType = text.plist.xml; path = Info.plist; sourceTree = "<group>"; };
/* End PBXFileReference section */

/* Begin PBXFrameworksBuildPhase section */
		45C46DF91E069E27008F4347 /* Frameworks */ = {
			isa = PBXFrameworksBuildPhase;
			buildActionMask = 2147483647;
			files = (
			);
			runOnlyForDeploymentPostprocessing = 0;
		};
/* End PBXFrameworksBuildPhase section */

/* Begin PBXGroup section */
		45C46DF31E069E25008F4347 = {
			isa = PBXGroup;
			children = (
				45C46DFE1E069E27008F4347 /* Homework3th */,
				45C46DFD1E069E27008F4347 /* Products */,
			);
			sourceTree = "<group>";
		};
		45C46DFD1E069E27008F4347 /* Products */ = {
			isa = PBXGroup;
			children = (
				45C46DFC1E069E27008F4347 /* Homework3th.app */,
			);
			name = Products;
			sourceTree = "<group>";
		};
		45C46DFE1E069E27008F4347 /* Homework3th */ = {
			isa = PBXGroup;
			children = (
				45C46DFF1E069E28008F4347 /* AppDelegate.swift */,
				45C46E011E069E29008F4347 /* ViewController.swift */,
				45C46E031E069E2B008F4347 /* Main.storyboard */,
				45C46E061E069E2C008F4347 /* Assets.xcassets */,
				45C46E081E069E2C008F4347 /* LaunchScreen.storyboard */,
				45C46E0B1E069E2C008F4347 /* Info.plist */,
			);
			path = Homework3th;
			sourceTree = "<group>";
		};
/* End PBXGroup section */

/* Begin PBXNativeTarget section */
		45C46DFB1E069E27008F4347 /* Homework3th */ = {
			isa = PBXNativeTarget;
			buildConfigurationList = 45C46E0E1E069E2D008F4347 /* Build configuration list for PBXNativeTarget "Homework3th" */;
			buildPhases = (
				45C46DF81E069E27008F4347 /* Sources */,
				45C46DF91E069E27008F4347 /* Frameworks */,
				45C46DFA1E069E27008F4347 /* Resources */,
			);
			buildRules = (
			);
			dependencies = (
			);
			name = Homework3th;
			productName = Homework3th;
			productReference = 45C46DFC1E069E27008F4347 /* Homework3th.app */;
			productType = "com.apple.product-type.application";
		};
/* End PBXNativeTarget section */

/* Begin PBXProject section */
		45C46DF41E069E26008F4347 /* Project object */ = {
			isa = PBXProject;
			attributes = {
				LastSwiftUpdateCheck = 0810;
				LastUpgradeCheck = 0810;
				ORGANIZATIONNAME = "Chamroeun Chun";
				TargetAttributes = {
					45C46DFB1E069E27008F4347 = {
						CreatedOnToolsVersion = 8.1;
						ProvisioningStyle = Automatic;
					};
				};
			};
			buildConfigurationList = 45C46DF71E069E26008F4347 /* Build configuration list for PBXProject "Homework3th" */;
			compatibilityVersion = "Xcode 3.2";
			developmentRegion = English;
			hasScannedForEncodings = 0;
			knownRegions = (
				en,
				Base,
			);
			mainGroup = 45C46DF31E069E25008F4347;
			productRefGroup = 45C46DFD1E069E27008F4347 /* Products */;
			projectDirPath = "";
			projectRoot = "";
			targets = (
				45C46DFB1E069E27008F4347 /* Homework3th */,
			);
		};
/* End PBXProject section */

/* Begin PBXResourcesBuildPhase section */
		45C46DFA1E069E27008F4347 /* Resources */ = {
			isa = PBXResourcesBuildPhase;
			buildActionMask = 2147483647;
			files = (
				45C46E0A1E069E2C008F4347 /* LaunchScreen.storyboard in Resources */,
				45C46E071E069E2C008F4347 /* Assets.xcassets in Resources */,
				45C46E051E069E2B008F4347 /* Main.storyboard in Resources */,
			);
			runOnlyForDeploymentPostprocessing = 0;
		};
/* End PBXResourcesBuildPhase section */

/* Begin PBXSourcesBuildPhase section */
		45C46DF81E069E27008F4347 /* Sources */ = {
			isa = PBXSourcesBuildPhase;
			buildActionMask = 2147483647;
			files = (
				45C46E021E069E29008F4347 /* ViewController.swift in Sources */,
				45C46E001E069E28008F4347 /* AppDelegate.swift in Sources */,
			);
			runOnlyForDeploymentPostprocessing = 0;
		};
/* End PBXSourcesBuildPhase section */

/* Begin PBXVariantGroup section */
		45C46E031E069E2B008F4347 /* Main.storyboard */ = {
			isa = PBXVariantGroup;
			children = (
				45C46E041E069E2B008F4347 /* Base */,
			);
			name = Main.storyboard;
			sourceTree = "<group>";
		};
		45C46E081E069E2C008F4347 /* LaunchScreen.storyboard */ = {
			isa = PBXVariantGroup;
			children = (
				45C46E091E069E2C008F4347 /* Base */,
			);
			name = LaunchScreen.storyboard;
			sourceTree = "<group>";
		};
/* End PBXVariantGroup section */

/* Begin XCBuildConfiguration section */
		45C46E0C1E069E2D008F4347 /* Debug */ = {
			isa = XCBuildConfiguration;
			buildSettings = {
				ALWAYS_SEARCH_USER_PATHS = NO;
				CLANG_ANALYZER_NONNULL = YES;
				CLANG_CXX_LANGUAGE_STANDARD = "gnu++0x";
				CLANG_CXX_LIBRARY = "libc++";
				CLANG_ENABLE_MODULES = YES;
				CLANG_ENABLE_OBJC_ARC = YES;
				CLANG_WARN_BOOL_CONVERSION = YES;
				CLANG_WARN_CONSTANT_CONVERSION = YES;
				CLANG_WARN_DIRECT_OBJC_ISA_USAGE = YES_ERROR;
				CLANG_WARN_DOCUMENTATION_COMMENTS = YES;
				CLANG_WARN_EMPTY_BODY = YES;
				CLANG_WARN_ENUM_CONVERSION = YES;
				CLANG_WARN_INFINITE_RECURSION = YES;
				CLANG_WARN_INT_CONVERSION = YES;
				CLANG_WARN_OBJC_ROOT_CLASS = YES_ERROR;
				CLANG_WARN_SUSPICIOUS_MOVES = YES;
				CLANG_WARN_UNREACHABLE_CODE = YES;
				CLANG_WARN__DUPLICATE_METHOD_MATCH = YES;
				"CODE_SIGN_IDENTITY[sdk=iphoneos*]" = "iPhone Developer";
				COPY_PHASE_STRIP = NO;
				DEBUG_INFORMATION_FORMAT = dwarf;
				ENABLE_STRICT_OBJC_MSGSEND = YES;
				ENABLE_TESTABILITY = YES;
				GCC_C_LANGUAGE_STANDARD = gnu99;
				GCC_DYNAMIC_NO_PIC = NO;
				GCC_NO_COMMON_BLOCKS = YES;
				GCC_OPTIMIZATION_LEVEL = 0;
				GCC_PREPROCESSOR_DEFINITIONS = (
					"DEBUG=1",
					"$(inherited)",
				);
				GCC_WARN_64_TO_32_BIT_CONVERSION = YES;
				GCC_WARN_ABOUT_RETURN_TYPE = YES_ERROR;
				GCC_WARN_UNDECLARED_SELECTOR = YES;
				GCC_WARN_UNINITIALIZED_AUTOS = YES_AGGRESSIVE;
				GCC_WARN_UNUSED_FUNCTION = YES;
				GCC_WARN_UNUSED_VARIABLE = YES;
				IPHONEOS_DEPLOYMENT_TARGET = 10.1;
				MTL_ENABLE_DEBUG_INFO = YES;
				ONLY_ACTIVE_ARCH = YES;
				SDKROOT = iphoneos;
				SWIFT_ACTIVE_COMPILATION_CONDITIONS = DEBUG;
				SWIFT_OPTIMIZATION_LEVEL = "-Onone";
				TARGETED_DEVICE_FAMILY = "1,2";
			};
			name = Debug;
		};
		45C46E0D1E069E2D008F4347 /* Release */ = {
			isa = XCBuildConfiguration;
			buildSettings = {
				ALWAYS_SEARCH_USER_PATHS = NO;
				CLANG_ANALYZER_NONNULL = YES;
				CLANG_CXX_LANGUAGE_STANDARD = "gnu++0x";
				CLANG_CXX_LIBRARY = "libc++";
				CLANG_ENABLE_MODULES = YES;
				CLANG_ENABLE_OBJC_ARC = YES;
				CLANG_WARN_BOOL_CONVERSION = YES;
				CLANG_WARN_CONSTANT_CONVERSION = YES;
				CLANG_WARN_DIRECT_OBJC_ISA_USAGE = YES_ERROR;
				CLANG_WARN_DOCUMENTATION_COMMENTS = YES;
				CLANG_WARN_EMPTY_BODY = YES;
				CLANG_WARN_ENUM_CONVERSION = YES;
				CLANG_WARN_INFINITE_RECURSION = YES;
				CLANG_WARN_INT_CONVERSION = YES;
				CLANG_WARN_OBJC_ROOT_CLASS = YES_ERROR;
				CLANG_WARN_SUSPICIOUS_MOVES = YES;
				CLANG_WARN_UNREACHABLE_CODE = YES;
				CLANG_WARN__DUPLICATE_METHOD_MATCH = YES;
				"CODE_SIGN_IDENTITY[sdk=iphoneos*]" = "iPhone Developer";
				COPY_PHASE_STRIP = NO;
				DEBUG_INFORMATION_FORMAT = "dwarf-with-dsym";
				ENABLE_NS_ASSERTIONS = NO;
				ENABLE_STRICT_OBJC_MSGSEND = YES;
				GCC_C_LANGUAGE_STANDARD = gnu99;
				GCC_NO_COMMON_BLOCKS = YES;
				GCC_WARN_64_TO_32_BIT_CONVERSION = YES;
				GCC_WARN_ABOUT_RETURN_TYPE = YES_ERROR;
				GCC_WARN_UNDECLARED_SELECTOR = YES;
				GCC_WARN_UNINITIALIZED_AUTOS = YES_AGGRESSIVE;
				GCC_WARN_UNUSED_FUNCTION = YES;
				GCC_WARN_UNUSED_VARIABLE = YES;
				IPHONEOS_DEPLOYMENT_TARGET = 10.1;
				MTL_ENABLE_DEBUG_INFO = NO;
				SDKROOT = iphoneos;
				SWIFT_OPTIMIZATION_LEVEL = "-Owholemodule";
				TARGETED_DEVICE_FAMILY = "1,2";
				VALIDATE_PRODUCT = YES;
			};
			name = Release;
		};
		45C46E0F1E069E2D008F4347 /* Debug */ = {
			isa = XCBuildConfiguration;
			buildSettings = {
				ASSETCATALOG_COMPILER_APPICON_NAME = AppIcon;
				INFOPLIST_FILE = Homework3th/Info.plist;
				LD_RUNPATH_SEARCH_PATHS = "$(inherited) @executable_path/Frameworks";
				PRODUCT_BUNDLE_IDENTIFIER = com.pendev.Homework3th;
				PRODUCT_NAME = "$(TARGET_NAME)";
				SWIFT_VERSION = 3.0;
			};
			name = Debug;
		};
		45C46E101E069E2D008F4347 /* Release */ = {
			isa = XCBuildConfiguration;
			buildSettings = {
				ASSETCATALOG_COMPILER_APPICON_NAME = AppIcon;
				INFOPLIST_FILE = Homework3th/Info.plist;
				LD_RUNPATH_SEARCH_PATHS = "$(inherited) @executable_path/Frameworks";
				PRODUCT_BUNDLE_IDENTIFIER = com.pendev.Homework3th;
				PRODUCT_NAME = "$(TARGET_NAME)";
				SWIFT_VERSION = 3.0;
			};
			name = Release;
		};
/* End XCBuildConfiguration section */

/* Begin XCConfigurationList section */
		45C46DF71E069E26008F4347 /* Build configuration list for PBXProject "Homework3th" */ = {
			isa = XCConfigurationList;
			buildConfigurations = (
				45C46E0C1E069E2D008F4347 /* Debug */,
				45C46E0D1E069E2D008F4347 /* Release */,
			);
			defaultConfigurationIsVisible = 0;
			defaultConfigurationName = Release;
		};
		45C46E0E1E069E2D008F4347 /* Build configuration list for PBXNativeTarget "Homework3th" */ = {
			isa = XCConfigurationList;
			buildConfigurations = (
				45C46E0F1E069E2D008F4347 /* Debug */,
				45C46E101E069E2D008F4347 /* Release */,
			);
			defaultConfigurationIsVisible = 0;
		};
/* End XCConfigurationList section */
	};
	rootObject = 45C46DF41E069E26008F4347 /* Project object */;
}
